
Microsoft Visual Studio Solution File, Format Version 12.00
# Visual Studio Version 16
VisualStudioVersion = 16.0.34031.81
MinimumVisualStudioVersion = 10.0.40219.1
Project("{FAE04EC0-301F-11D3-BF4B-00C04F79EFBC}") = "project_Csharp 1", "project_Csharp 1\project_Csharp 1.csproj", "{A141DBF3-9B9E-49FB-AAA4-43B6A6F7522A}"
EndProject
Global
	GlobalSection(SolutionConfigurationPlatforms) = preSolution
		Debug|Any CPU = Debug|Any CPU
		Release|Any CPU = Release|Any CPU
	EndGlobalSection
	GlobalSection(ProjectConfigurationPlatforms) = postSolution
		{A141DBF3-9B9E-49FB-AAA4-43B6A6F7522A}.Debug|Any CPU.ActiveCfg = Debug|Any CPU
		{A141DBF3-9B9E-49FB-AAA4-43B6A6F7522A}.Debug|Any CPU.Build.0 = Debug|Any CPU
		{A141DBF3-9B9E-49FB-AAA4-43B6A6F7522A}.Release|Any CPU.ActiveCfg = Release|Any CPU
		{A141DBF3-9B9E-49FB-AAA4-43B6A6F7522A}.Release|Any CPU.Build.0 = Release|Any CPU
	EndGlobalSection
	GlobalSection(SolutionProperties) = preSolution
		HideSolutionNode = FALSE
	EndGlobalSection
	GlobalSection(ExtensibilityGlobals) = postSolution
		SolutionGuid = {E9FA9D73-9463-4CD8-A331-C2C9DE42C4B7}
	EndGlobalSection
EndGlobal
